{
  "name": "markedjs",
  "version": "1.0.0",
  "lockfileVersion": 3,
  "requires": true,
  "packages": {
    "": {
      "name": "markedjs",
      "version": "1.0.0",
      "license": "ISC",
      "dependencies": {
        "highlight": "^0.2.4",
        "marked": "^17.0.1",
        "marked-highlight": "^2.2.3"
      }
    },
    "node_modules/highlight": {
      "version": "0.2.4",
      "resolved": "https://registry.npmjs.org/highlight/-/highlight-0.2.4.tgz",
      "integrity": "sha512-TEcWU6BolpDYIaVD91KmaYe/kRZwOmQlLWZGO8DK+Cs555+7mawk2KUnF/dBwcLnrvlCDk/xC+BXfz7Zva+Jfg==",
      "deprecated": "Not maintained anymore"
    },
    "node_modules/marked": {
      "version": "17.0.1",
      "resolved": "https://registry.npmjs.org/marked/-/marked-17.0.1.tgz",
      "integrity": "sha512-boeBdiS0ghpWcSwoNm/jJBwdpFaMnZWRzjA6SkUMYb40SVaN1x7mmfGKp0jvexGcx+7y2La5zRZsYFZI6Qpypg==",
      "license": "MIT",
      "bin": {
        "marked": "bin/marked.js"
      },
      "engines": {
        "node": ">= 20"
      }
    },
    "node_modules/marked-highlight": {
      "version": "2.2.3",
      "resolved": "https://registry.npmjs.org/marked-highlight/-/marked-highlight-2.2.3.tgz",
      "integrity": "sha512-FCfZRxW/msZAiasCML4isYpxyQWKEEx44vOgdn5Kloae+Qc3q4XR7WjpKKf8oMLk7JP9ZCRd2vhtclJFdwxlWQ==",
      "license": "MIT",
      "peerDependencies": {
        "marked": ">=4 <18"
      }
    }
  }
}
